
Microsoft Visual Studio Solution File, Format Version 12.00
# Visual Studio Version 17
VisualStudioVersion = 17.5.002.0
MinimumVisualStudioVersion = 10.0.40219.1
Project("{9A19103F-16F7-4668-BE54-9A1E7A4F7556}") = "muazzin", "muazzin.csproj", "{B257B649-B87F-472F-BA0E-72FC0A93A42A}"
EndProject
Global
	GlobalSection(SolutionConfigurationPlatforms) = preSolution
		Debug|Any CPU = Debug|Any CPU
		Release|Any CPU = Release|Any CPU
	EndGlobalSection
	GlobalSection(ProjectConfigurationPlatforms) = postSolution
		{B257B649-B87F-472F-BA0E-72FC0A93A42A}.Debug|Any CPU.ActiveCfg = Debug|Any CPU
		{B257B649-B87F-472F-BA0E-72FC0A93A42A}.Debug|Any CPU.Build.0 = Debug|Any CPU
		{B257B649-B87F-472F-BA0E-72FC0A93A42A}.Release|Any CPU.ActiveCfg = Release|Any CPU
		{B257B649-B87F-472F-BA0E-72FC0A93A42A}.Release|Any CPU.Build.0 = Release|Any CPU
	EndGlobalSection
	GlobalSection(SolutionProperties) = preSolution
		HideSolutionNode = FALSE
	EndGlobalSection
	GlobalSection(ExtensibilityGlobals) = postSolution
		SolutionGuid = {8C09686E-1005-4A68-AB2B-578827727751}
	EndGlobalSection
EndGlobal
